
Microsoft Visual Studio Solution File, Format Version 12.00
# Visual Studio Version 17
VisualStudioVersion = 17.6.33829.357
MinimumVisualStudioVersion = 10.0.40219.1
Project("{FAE04EC0-301F-11D3-BF4B-00C04F79EFBC}") = "BasicCalculator", "BasicCalculator\BasicCalculator.csproj", "{A7C5BF7D-92B2-4118-9C25-0E7071F69FDA}"
EndProject
Project("{FAE04EC0-301F-11D3-BF4B-00C04F79EFBC}") = "CalculatorPrivateAssembly", "CalculatorPrivateAssembly\CalculatorPrivateAssembly.csproj", "{1203749E-68A2-46FA-9619-36AC538E2BAF}"
EndProject
Global
	GlobalSection(SolutionConfigurationPlatforms) = preSolution
		Debug|Any CPU = Debug|Any CPU
		Release|Any CPU = Release|Any CPU
	EndGlobalSection
	GlobalSection(ProjectConfigurationPlatforms) = postSolution
		{A7C5BF7D-92B2-4118-9C25-0E7071F69FDA}.Debug|Any CPU.ActiveCfg = Debug|Any CPU
		{A7C5BF7D-92B2-4118-9C25-0E7071F69FDA}.Debug|Any CPU.Build.0 = Debug|Any CPU
		{A7C5BF7D-92B2-4118-9C25-0E7071F69FDA}.Release|Any CPU.ActiveCfg = Release|Any CPU
		{A7C5BF7D-92B2-4118-9C25-0E7071F69FDA}.Release|Any CPU.Build.0 = Release|Any CPU
		{1203749E-68A2-46FA-9619-36AC538E2BAF}.Debug|Any CPU.ActiveCfg = Debug|Any CPU
		{1203749E-68A2-46FA-9619-36AC538E2BAF}.Debug|Any CPU.Build.0 = Debug|Any CPU
		{1203749E-68A2-46FA-9619-36AC538E2BAF}.Release|Any CPU.ActiveCfg = Release|Any CPU
		{1203749E-68A2-46FA-9619-36AC538E2BAF}.Release|Any CPU.Build.0 = Release|Any CPU
	EndGlobalSection
	GlobalSection(SolutionProperties) = preSolution
		HideSolutionNode = FALSE
	EndGlobalSection
	GlobalSection(ExtensibilityGlobals) = postSolution
		SolutionGuid = {E4661957-1283-401D-8ADA-8D26E318FBC8}
	EndGlobalSection
EndGlobal
